// !$*UTF8*$!
{
	archiveVersion = 1;
	classes = {
	};
	objectVersion = 56;
	objects = {

/* Begin PBXBuildFile section */
		D61B8CA129DD575A003597F2 /* RecipeApiTests.swift in Sources */ = {isa = PBXBuildFile; fileRef = D61B8C9229DD567F003597F2 /* RecipeApiTests.swift */; };
		D664535429D17742002607EA /* AppDelegate.swift in Sources */ = {isa = PBXBuildFile; fileRef = D664535329D17742002607EA /* AppDelegate.swift */; };
		D664535629D17742002607EA /* SceneDelegate.swift in Sources */ = {isa = PBXBuildFile; fileRef = D664535529D17742002607EA /* SceneDelegate.swift */; };
		D664535829D17742002607EA /* ViewController.swift in Sources */ = {isa = PBXBuildFile; fileRef = D664535729D17742002607EA /* ViewController.swift */; };
		D664535B29D17742002607EA /* Main.storyboard in Resources */ = {isa = PBXBuildFile; fileRef = D664535929D17742002607EA /* Main.storyboard */; };
		D664535D29D17743002607EA /* Assets.xcassets in Resources */ = {isa = PBXBuildFile; fileRef = D664535C29D17743002607EA /* Assets.xcassets */; };
		D664536029D17743002607EA /* LaunchScreen.storyboard in Resources */ = {isa = PBXBuildFile; fileRef = D664535E29D17743002607EA /* LaunchScreen.storyboard */; };
		D664536E29D178FC002607EA /* ApiRequest.swift in Sources */ = {isa = PBXBuildFile; fileRef = D664536D29D178FC002607EA /* ApiRequest.swift */; };
		D664537029D26EAC002607EA /* RecipeListItem.swift in Sources */ = {isa = PBXBuildFile; fileRef = D664536F29D26EAC002607EA /* RecipeListItem.swift */; };
		D664537229D26EBE002607EA /* RecipeDetail.swift in Sources */ = {isa = PBXBuildFile; fileRef = D664537129D26EBE002607EA /* RecipeDetail.swift */; };
		D664537429D26EC8002607EA /* RecipeCategory.swift in Sources */ = {isa = PBXBuildFile; fileRef = D664537329D26EC8002607EA /* RecipeCategory.swift */; };
		D664537629D26ED7002607EA /* Ingredient.swift in Sources */ = {isa = PBXBuildFile; fileRef = D664537529D26ED7002607EA /* Ingredient.swift */; };
		D664537A29DA5B66002607EA /* RecipeDetailRequest.swift in Sources */ = {isa = PBXBuildFile; fileRef = D664537929DA5B66002607EA /* RecipeDetailRequest.swift */; };
		D664537C29DA611E002607EA /* IngredientListRequest.swift in Sources */ = {isa = PBXBuildFile; fileRef = D664537B29DA611E002607EA /* IngredientListRequest.swift */; };
		D664537E29DBCFC0002607EA /* RecipeSearchRequest.swift in Sources */ = {isa = PBXBuildFile; fileRef = D664537D29DBCFC0002607EA /* RecipeSearchRequest.swift */; };
/* End PBXBuildFile section */

/* Begin PBXContainerItemProxy section */
		D61B8C9C29DD5754003597F2 /* PBXContainerItemProxy */ = {
			isa = PBXContainerItemProxy;
			containerPortal = D664534829D17742002607EA /* Project object */;
			proxyType = 1;
			remoteGlobalIDString = D664534F29D17742002607EA;
			remoteInfo = RecipeApp;
		};
/* End PBXContainerItemProxy section */

/* Begin PBXFileReference section */
		D61B8C9229DD567F003597F2 /* RecipeApiTests.swift */ = {isa = PBXFileReference; lastKnownFileType = sourcecode.swift; path = RecipeApiTests.swift; sourceTree = "<group>"; };
		D61B8C9829DD5754003597F2 /* RecipeAppTests.xctest */ = {isa = PBXFileReference; explicitFileType = wrapper.cfbundle; includeInIndex = 0; path = RecipeAppTests.xctest; sourceTree = BUILT_PRODUCTS_DIR; };
		D664535029D17742002607EA /* RecipeApp.app */ = {isa = PBXFileReference; explicitFileType = wrapper.application; includeInIndex = 0; path = RecipeApp.app; sourceTree = BUILT_PRODUCTS_DIR; };
		D664535329D17742002607EA /* AppDelegate.swift */ = {isa = PBXFileReference; lastKnownFileType = sourcecode.swift; path = AppDelegate.swift; sourceTree = "<group>"; };
		D664535529D17742002607EA /* SceneDelegate.swift */ = {isa = PBXFileReference; lastKnownFileType = sourcecode.swift; path = SceneDelegate.swift; sourceTree = "<group>"; };
		D664535729D17742002607EA /* ViewController.swift */ = {isa = PBXFileReference; lastKnownFileType = sourcecode.swift; path = ViewController.swift; sourceTree = "<group>"; };
		D664535A29D17742002607EA /* Base */ = {isa = PBXFileReference; lastKnownFileType = file.storyboard; name = Base; path = Base.lproj/Main.storyboard; sourceTree = "<group>"; };
		D664535C29D17743002607EA /* Assets.xcassets */ = {isa = PBXFileReference; lastKnownFileType = folder.assetcatalog; path = Assets.xcassets; sourceTree = "<group>"; };
		D664535F29D17743002607EA /* Base */ = {isa = PBXFileReference; lastKnownFileType = file.storyboard; name = Base; path = Base.lproj/LaunchScreen.storyboard; sourceTree = "<group>"; };
		D664536129D17743002607EA /* Info.plist */ = {isa = PBXFileReference; lastKnownFileType = text.plist.xml; path = Info.plist; sourceTree = "<group>"; };
		D664536D29D178FC002607EA /* ApiRequest.swift */ = {isa = PBXFileReference; lastKnownFileType = sourcecode.swift; path = ApiRequest.swift; sourceTree = "<group>"; };
		D664536F29D26EAC002607EA /* RecipeListItem.swift */ = {isa = PBXFileReference; lastKnownFileType = sourcecode.swift; path = RecipeListItem.swift; sourceTree = "<group>"; };
		D664537129D26EBE002607EA /* RecipeDetail.swift */ = {isa = PBXFileReference; lastKnownFileType = sourcecode.swift; path = RecipeDetail.swift; sourceTree = "<group>"; };
		D664537329D26EC8002607EA /* RecipeCategory.swift */ = {isa = PBXFileReference; lastKnownFileType = sourcecode.swift; path = RecipeCategory.swift; sourceTree = "<group>"; };
		D664537529D26ED7002607EA /* Ingredient.swift */ = {isa = PBXFileReference; lastKnownFileType = sourcecode.swift; path = Ingredient.swift; sourceTree = "<group>"; };
		D664537929DA5B66002607EA /* RecipeDetailRequest.swift */ = {isa = PBXFileReference; lastKnownFileType = sourcecode.swift; path = RecipeDetailRequest.swift; sourceTree = "<group>"; };
		D664537B29DA611E002607EA /* IngredientListRequest.swift */ = {isa = PBXFileReference; lastKnownFileType = sourcecode.swift; path = IngredientListRequest.swift; sourceTree = "<group>"; };
		D664537D29DBCFC0002607EA /* RecipeSearchRequest.swift */ = {isa = PBXFileReference; lastKnownFileType = sourcecode.swift; path = RecipeSearchRequest.swift; sourceTree = "<group>"; };
/* End PBXFileReference section */

/* Begin PBXFrameworksBuildPhase section */
		D61B8C9529DD5754003597F2 /* Frameworks */ = {
			isa = PBXFrameworksBuildPhase;
			buildActionMask = 2147483647;
			files = (
			);
			runOnlyForDeploymentPostprocessing = 0;
		};
		D664534D29D17742002607EA /* Frameworks */ = {
			isa = PBXFrameworksBuildPhase;
			buildActionMask = 2147483647;
			files = (
			);
			runOnlyForDeploymentPostprocessing = 0;
		};
/* End PBXFrameworksBuildPhase section */

/* Begin PBXGroup section */
		D61B8C8F29DD501F003597F2 /* Tests */ = {
			isa = PBXGroup;
			children = (
				D61B8C9229DD567F003597F2 /* RecipeApiTests.swift */,
			);
			path = Tests;
			sourceTree = "<group>";
		};
		D664534729D17742002607EA = {
			isa = PBXGroup;
			children = (
				D664535229D17742002607EA /* RecipeApp */,
				D664535129D17742002607EA /* Products */,
			);
			sourceTree = "<group>";
		};
		D664535129D17742002607EA /* Products */ = {
			isa = PBXGroup;
			children = (
				D664535029D17742002607EA /* RecipeApp.app */,
				D61B8C9829DD5754003597F2 /* RecipeAppTests.xctest */,
			);
			name = Products;
			sourceTree = "<group>";
		};
		D664535229D17742002607EA /* RecipeApp */ = {
			isa = PBXGroup;
			children = (
				D664535C29D17743002607EA /* Assets.xcassets */,
				D664536129D17743002607EA /* Info.plist */,
				D664536C29D17785002607EA /* Storyboards */,
				D664536B29D1777B002607EA /* Models */,
				D664536A29D17770002607EA /* View Controllers */,
				D664536929D17769002607EA /* Views */,
				D664536829D17762002607EA /* Remote */,
				D664536729D1775A002607EA /* Delegates */,
				D61B8C8F29DD501F003597F2 /* Tests */,
			);
			path = RecipeApp;
			sourceTree = "<group>";
		};
		D664536729D1775A002607EA /* Delegates */ = {
			isa = PBXGroup;
			children = (
				D664535329D17742002607EA /* AppDelegate.swift */,
				D664535529D17742002607EA /* SceneDelegate.swift */,
			);
			path = Delegates;
			sourceTree = "<group>";
		};
		D664536829D17762002607EA /* Remote */ = {
			isa = PBXGroup;
			children = (
				D664536D29D178FC002607EA /* ApiRequest.swift */,
				D664537929DA5B66002607EA /* RecipeDetailRequest.swift */,
				D664537B29DA611E002607EA /* IngredientListRequest.swift */,
				D664537D29DBCFC0002607EA /* RecipeSearchRequest.swift */,
			);
			path = Remote;
			sourceTree = "<group>";
		};
		D664536929D17769002607EA /* Views */ = {
			isa = PBXGroup;
			children = (
			);
			path = Views;
			sourceTree = "<group>";
		};
		D664536A29D17770002607EA /* View Controllers */ = {
			isa = PBXGroup;
			children = (
				D664535729D17742002607EA /* ViewController.swift */,
			);
			path = "View Controllers";
			sourceTree = "<group>";
		};
		D664536B29D1777B002607EA /* Models */ = {
			isa = PBXGroup;
			children = (
				D664536F29D26EAC002607EA /* RecipeListItem.swift */,
				D664537129D26EBE002607EA /* RecipeDetail.swift */,
				D664537329D26EC8002607EA /* RecipeCategory.swift */,
				D664537529D26ED7002607EA /* Ingredient.swift */,
			);
			path = Models;
			sourceTree = "<group>";
		};
		D664536C29D17785002607EA /* Storyboards */ = {
			isa = PBXGroup;
			children = (
				D664535929D17742002607EA /* Main.storyboard */,
				D664535E29D17743002607EA /* LaunchScreen.storyboard */,
			);
			path = Storyboards;
			sourceTree = "<group>";
		};
/* End PBXGroup section */

/* Begin PBXNativeTarget section */
		D61B8C9729DD5754003597F2 /* RecipeAppTests */ = {
			isa = PBXNativeTarget;
			buildConfigurationList = D61B8C9E29DD5754003597F2 /* Build configuration list for PBXNativeTarget "RecipeAppTests" */;
			buildPhases = (
				D61B8C9429DD5754003597F2 /* Sources */,
				D61B8C9529DD5754003597F2 /* Frameworks */,
				D61B8C9629DD5754003597F2 /* Resources */,
			);
			buildRules = (
			);
			dependencies = (
				D61B8C9D29DD5754003597F2 /* PBXTargetDependency */,
			);
			name = RecipeAppTests;
			productName = RecipeAppTests;
			productReference = D61B8C9829DD5754003597F2 /* RecipeAppTests.xctest */;
			productType = "com.apple.product-type.bundle.unit-test";
		};
		D664534F29D17742002607EA /* RecipeApp */ = {
			isa = PBXNativeTarget;
			buildConfigurationList = D664536429D17743002607EA /* Build configuration list for PBXNativeTarget "RecipeApp" */;
			buildPhases = (
				D664534C29D17742002607EA /* Sources */,
				D664534D29D17742002607EA /* Frameworks */,
				D664534E29D17742002607EA /* Resources */,
			);
			buildRules = (
			);
			dependencies = (
			);
			name = RecipeApp;
			productName = RecipeApp;
			productReference = D664535029D17742002607EA /* RecipeApp.app */;
			productType = "com.apple.product-type.application";
		};
/* End PBXNativeTarget section */

/* Begin PBXProject section */
		D664534829D17742002607EA /* Project object */ = {
			isa = PBXProject;
			attributes = {
				BuildIndependentTargetsInParallel = 1;
				LastSwiftUpdateCheck = 1430;
				LastUpgradeCheck = 1420;
				TargetAttributes = {
					D61B8C9729DD5754003597F2 = {
						CreatedOnToolsVersion = 14.3;
						TestTargetID = D664534F29D17742002607EA;
					};
					D664534F29D17742002607EA = {
						CreatedOnToolsVersion = 14.2;
					};
				};
			};
			buildConfigurationList = D664534B29D17742002607EA /* Build configuration list for PBXProject "RecipeApp" */;
			compatibilityVersion = "Xcode 14.0";
			developmentRegion = en;
			hasScannedForEncodings = 0;
			knownRegions = (
				en,
				Base,
			);
			mainGroup = D664534729D17742002607EA;
			productRefGroup = D664535129D17742002607EA /* Products */;
			projectDirPath = "";
			projectRoot = "";
			targets = (
				D664534F29D17742002607EA /* RecipeApp */,
				D61B8C9729DD5754003597F2 /* RecipeAppTests */,
			);
		};
/* End PBXProject section */

/* Begin PBXResourcesBuildPhase section */
		D61B8C9629DD5754003597F2 /* Resources */ = {
			isa = PBXResourcesBuildPhase;
			buildActionMask = 2147483647;
			files = (
			);
			runOnlyForDeploymentPostprocessing = 0;
		};
		D664534E29D17742002607EA /* Resources */ = {
			isa = PBXResourcesBuildPhase;
			buildActionMask = 2147483647;
			files = (
				D664536029D17743002607EA /* LaunchScreen.storyboard in Resources */,
				D664535D29D17743002607EA /* Assets.xcassets in Resources */,
				D664535B29D17742002607EA /* Main.storyboard in Resources */,
			);
			runOnlyForDeploymentPostprocessing = 0;
		};
/* End PBXResourcesBuildPhase section */

/* Begin PBXSourcesBuildPhase section */
		D61B8C9429DD5754003597F2 /* Sources */ = {
			isa = PBXSourcesBuildPhase;
			buildActionMask = 2147483647;
			files = (
				D61B8CA129DD575A003597F2 /* RecipeApiTests.swift in Sources */,
			);
			runOnlyForDeploymentPostprocessing = 0;
		};
		D664534C29D17742002607EA /* Sources */ = {
			isa = PBXSourcesBuildPhase;
			buildActionMask = 2147483647;
			files = (
				D664537029D26EAC002607EA /* RecipeListItem.swift in Sources */,
				D664535829D17742002607EA /* ViewController.swift in Sources */,
				D664535429D17742002607EA /* AppDelegate.swift in Sources */,
				D664536E29D178FC002607EA /* ApiRequest.swift in Sources */,
				D664537629D26ED7002607EA /* Ingredient.swift in Sources */,
				D664537A29DA5B66002607EA /* RecipeDetailRequest.swift in Sources */,
				D664537229D26EBE002607EA /* RecipeDetail.swift in Sources */,
				D664535629D17742002607EA /* SceneDelegate.swift in Sources */,
				D664537C29DA611E002607EA /* IngredientListRequest.swift in Sources */,
				D664537429D26EC8002607EA /* RecipeCategory.swift in Sources */,
				D664537E29DBCFC0002607EA /* RecipeSearchRequest.swift in Sources */,
			);
			runOnlyForDeploymentPostprocessing = 0;
		};
/* End PBXSourcesBuildPhase section */

/* Begin PBXTargetDependency section */
		D61B8C9D29DD5754003597F2 /* PBXTargetDependency */ = {
			isa = PBXTargetDependency;
			target = D664534F29D17742002607EA /* RecipeApp */;
			targetProxy = D61B8C9C29DD5754003597F2 /* PBXContainerItemProxy */;
		};
/* End PBXTargetDependency section */

/* Begin PBXVariantGroup section */
		D664535929D17742002607EA /* Main.storyboard */ = {
			isa = PBXVariantGroup;
			children = (
				D664535A29D17742002607EA /* Base */,
			);
			name = Main.storyboard;
			sourceTree = "<group>";
		};
		D664535E29D17743002607EA /* LaunchScreen.storyboard */ = {
			isa = PBXVariantGroup;
			children = (
				D664535F29D17743002607EA /* Base */,
			);
			name = LaunchScreen.storyboard;
			sourceTree = "<group>";
		};
/* End PBXVariantGroup section */

/* Begin XCBuildConfiguration section */
		D61B8C9F29DD5754003597F2 /* Debug */ = {
			isa = XCBuildConfiguration;
			buildSettings = {
				BUNDLE_LOADER = "$(TEST_HOST)";
				CODE_SIGN_STYLE = Automatic;
				CURRENT_PROJECT_VERSION = 1;
				GENERATE_INFOPLIST_FILE = YES;
				IPHONEOS_DEPLOYMENT_TARGET = 16.4;
				MARKETING_VERSION = 1.0;
				PRODUCT_BUNDLE_IDENTIFIER = com.example.RecipeAppTests;
				PRODUCT_NAME = "$(TARGET_NAME)";
				SWIFT_EMIT_LOC_STRINGS = NO;
				SWIFT_VERSION = 5.0;
				TARGETED_DEVICE_FAMILY = "1,2";
				TEST_HOST = "$(BUILT_PRODUCTS_DIR)/RecipeApp.app/$(BUNDLE_EXECUTABLE_FOLDER_PATH)/RecipeApp";
			};
			name = Debug;
		};
		D61B8CA029DD5754003597F2 /* Release */ = {
			isa = XCBuildConfiguration;
			buildSettings = {
				BUNDLE_LOADER = "$(TEST_HOST)";
				CODE_SIGN_STYLE = Automatic;
				CURRENT_PROJECT_VERSION = 1;
				GENERATE_INFOPLIST_FILE = YES;
				IPHONEOS_DEPLOYMENT_TARGET = 16.4;
				MARKETING_VERSION = 1.0;
				PRODUCT_BUNDLE_IDENTIFIER = com.example.RecipeAppTests;
				PRODUCT_NAME = "$(TARGET_NAME)";
				SWIFT_EMIT_LOC_STRINGS = NO;
				SWIFT_VERSION = 5.0;
				TARGETED_DEVICE_FAMILY = "1,2";
				TEST_HOST = "$(BUILT_PRODUCTS_DIR)/RecipeApp.app/$(BUNDLE_EXECUTABLE_FOLDER_PATH)/RecipeApp";
			};
			name = Release;
		};
		D664536229D17743002607EA /* Debug */ = {
			isa = XCBuildConfiguration;
			buildSettings = {
				ALWAYS_SEARCH_USER_PATHS = NO;
				CLANG_ANALYZER_NONNULL = YES;
				CLANG_ANALYZER_NUMBER_OBJECT_CONVERSION = YES_AGGRESSIVE;
				CLANG_CXX_LANGUAGE_STANDARD = "gnu++20";
				CLANG_ENABLE_MODULES = YES;
				CLANG_ENABLE_OBJC_ARC = YES;
				CLANG_ENABLE_OBJC_WEAK = YES;
				CLANG_WARN_BLOCK_CAPTURE_AUTORELEASING = YES;
				CLANG_WARN_BOOL_CONVERSION = YES;
				CLANG_WARN_COMMA = YES;
				CLANG_WARN_CONSTANT_CONVERSION = YES;
				CLANG_WARN_DEPRECATED_OBJC_IMPLEMENTATIONS = YES;
				CLANG_WARN_DIRECT_OBJC_ISA_USAGE = YES_ERROR;
				CLANG_WARN_DOCUMENTATION_COMMENTS = YES;
				CLANG_WARN_EMPTY_BODY = YES;
				CLANG_WARN_ENUM_CONVERSION = YES;
				CLANG_WARN_INFINITE_RECURSION = YES;
				CLANG_WARN_INT_CONVERSION = YES;
				CLANG_WARN_NON_LITERAL_NULL_CONVERSION = YES;
				CLANG_WARN_OBJC_IMPLICIT_RETAIN_SELF = YES;
				CLANG_WARN_OBJC_LITERAL_CONVERSION = YES;
				CLANG_WARN_OBJC_ROOT_CLASS = YES_ERROR;
				CLANG_WARN_QUOTED_INCLUDE_IN_FRAMEWORK_HEADER = YES;
				CLANG_WARN_RANGE_LOOP_ANALYSIS = YES;
				CLANG_WARN_STRICT_PROTOTYPES = YES;
				CLANG_WARN_SUSPICIOUS_MOVE = YES;
				CLANG_WARN_UNGUARDED_AVAILABILITY = YES_AGGRESSIVE;
				CLANG_WARN_UNREACHABLE_CODE = YES;
				CLANG_WARN__DUPLICATE_METHOD_MATCH = YES;
				COPY_PHASE_STRIP = NO;
				DEBUG_INFORMATION_FORMAT = dwarf;
				ENABLE_STRICT_OBJC_MSGSEND = YES;
				ENABLE_TESTABILITY = YES;
				GCC_C_LANGUAGE_STANDARD = gnu11;
				GCC_DYNAMIC_NO_PIC = NO;
				GCC_NO_COMMON_BLOCKS = YES;
				GCC_OPTIMIZATION_LEVEL = 0;
				GCC_PREPROCESSOR_DEFINITIONS = (
					"DEBUG=1",
					"$(inherited)",
				);
				GCC_WARN_64_TO_32_BIT_CONVERSION = YES;
				GCC_WARN_ABOUT_RETURN_TYPE = YES_ERROR;
				GCC_WARN_UNDECLARED_SELECTOR = YES;
				GCC_WARN_UNINITIALIZED_AUTOS = YES_AGGRESSIVE;
				GCC_WARN_UNUSED_FUNCTION = YES;
				GCC_WARN_UNUSED_VARIABLE = YES;
				IPHONEOS_DEPLOYMENT_TARGET = 16.2;
				MTL_ENABLE_DEBUG_INFO = INCLUDE_SOURCE;
				MTL_FAST_MATH = YES;
				ONLY_ACTIVE_ARCH = YES;
				SDKROOT = iphoneos;
				SWIFT_ACTIVE_COMPILATION_CONDITIONS = DEBUG;
				SWIFT_OPTIMIZATION_LEVEL = "-Onone";
			};
			name = Debug;
		};
		D664536329D17743002607EA /* Release */ = {
			isa = XCBuildConfiguration;
			buildSettings = {
				ALWAYS_SEARCH_USER_PATHS = NO;
				CLANG_ANALYZER_NONNULL = YES;
				CLANG_ANALYZER_NUMBER_OBJECT_CONVERSION = YES_AGGRESSIVE;
				CLANG_CXX_LANGUAGE_STANDARD = "gnu++20";
				CLANG_ENABLE_MODULES = YES;
				CLANG_ENABLE_OBJC_ARC = YES;
				CLANG_ENABLE_OBJC_WEAK = YES;
				CLANG_WARN_BLOCK_CAPTURE_AUTORELEASING = YES;
				CLANG_WARN_BOOL_CONVERSION = YES;
				CLANG_WARN_COMMA = YES;
				CLANG_WARN_CONSTANT_CONVERSION = YES;
				CLANG_WARN_DEPRECATED_OBJC_IMPLEMENTATIONS = YES;
				CLANG_WARN_DIRECT_OBJC_ISA_USAGE = YES_ERROR;
				CLANG_WARN_DOCUMENTATION_COMMENTS = YES;
				CLANG_WARN_EMPTY_BODY = YES;
				CLANG_WARN_ENUM_CONVERSION = YES;
				CLANG_WARN_INFINITE_RECURSION = YES;
				CLANG_WARN_INT_CONVERSION = YES;
				CLANG_WARN_NON_LITERAL_NULL_CONVERSION = YES;
				CLANG_WARN_OBJC_IMPLICIT_RETAIN_SELF = YES;
				CLANG_WARN_OBJC_LITERAL_CONVERSION = YES;
				CLANG_WARN_OBJC_ROOT_CLASS = YES_ERROR;
				CLANG_WARN_QUOTED_INCLUDE_IN_FRAMEWORK_HEADER = YES;
				CLANG_WARN_RANGE_LOOP_ANALYSIS = YES;
				CLANG_WARN_STRICT_PROTOTYPES = YES;
				CLANG_WARN_SUSPICIOUS_MOVE = YES;
				CLANG_WARN_UNGUARDED_AVAILABILITY = YES_AGGRESSIVE;
				CLANG_WARN_UNREACHABLE_CODE = YES;
				CLANG_WARN__DUPLICATE_METHOD_MATCH = YES;
				COPY_PHASE_STRIP = NO;
				DEBUG_INFORMATION_FORMAT = "dwarf-with-dsym";
				ENABLE_NS_ASSERTIONS = NO;
				ENABLE_STRICT_OBJC_MSGSEND = YES;
				GCC_C_LANGUAGE_STANDARD = gnu11;
				GCC_NO_COMMON_BLOCKS = YES;
				GCC_WARN_64_TO_32_BIT_CONVERSION = YES;
				GCC_WARN_ABOUT_RETURN_TYPE = YES_ERROR;
				GCC_WARN_UNDECLARED_SELECTOR = YES;
				GCC_WARN_UNINITIALIZED_AUTOS = YES_AGGRESSIVE;
				GCC_WARN_UNUSED_FUNCTION = YES;
				GCC_WARN_UNUSED_VARIABLE = YES;
				IPHONEOS_DEPLOYMENT_TARGET = 16.2;
				MTL_ENABLE_DEBUG_INFO = NO;
				MTL_FAST_MATH = YES;
				SDKROOT = iphoneos;
				SWIFT_COMPILATION_MODE = wholemodule;
				SWIFT_OPTIMIZATION_LEVEL = "-O";
				VALIDATE_PRODUCT = YES;
			};
			name = Release;
		};
		D664536529D17743002607EA /* Debug */ = {
			isa = XCBuildConfiguration;
			buildSettings = {
				ASSETCATALOG_COMPILER_APPICON_NAME = AppIcon;
				ASSETCATALOG_COMPILER_GLOBAL_ACCENT_COLOR_NAME = AccentColor;
				CODE_SIGN_STYLE = Automatic;
				CURRENT_PROJECT_VERSION = 1;
				GENERATE_INFOPLIST_FILE = YES;
				INFOPLIST_FILE = RecipeApp/Info.plist;
				INFOPLIST_KEY_UIApplicationSupportsIndirectInputEvents = YES;
				INFOPLIST_KEY_UILaunchStoryboardName = LaunchScreen;
				INFOPLIST_KEY_UIMainStoryboardFile = Main;
				INFOPLIST_KEY_UISupportedInterfaceOrientations_iPad = "UIInterfaceOrientationPortrait UIInterfaceOrientationPortraitUpsideDown UIInterfaceOrientationLandscapeLeft UIInterfaceOrientationLandscapeRight";
				INFOPLIST_KEY_UISupportedInterfaceOrientations_iPhone = "UIInterfaceOrientationPortrait UIInterfaceOrientationLandscapeLeft UIInterfaceOrientationLandscapeRight";
				LD_RUNPATH_SEARCH_PATHS = (
					"$(inherited)",
					"@executable_path/Frameworks",
				);
				MARKETING_VERSION = 1.0;
				PRODUCT_BUNDLE_IDENTIFIER = com.example.RecipeApp;
				PRODUCT_NAME = "$(TARGET_NAME)";
				SWIFT_EMIT_LOC_STRINGS = YES;
				SWIFT_VERSION = 5.0;
				TARGETED_DEVICE_FAMILY = "1,2";
			};
			name = Debug;
		};
		D664536629D17743002607EA /* Release */ = {
			isa = XCBuildConfiguration;
			buildSettings = {
				ASSETCATALOG_COMPILER_APPICON_NAME = AppIcon;
				ASSETCATALOG_COMPILER_GLOBAL_ACCENT_COLOR_NAME = AccentColor;
				CODE_SIGN_STYLE = Automatic;
				CURRENT_PROJECT_VERSION = 1;
				GENERATE_INFOPLIST_FILE = YES;
				INFOPLIST_FILE = RecipeApp/Info.plist;
				INFOPLIST_KEY_UIApplicationSupportsIndirectInputEvents = YES;
				INFOPLIST_KEY_UILaunchStoryboardName = LaunchScreen;
				INFOPLIST_KEY_UIMainStoryboardFile = Main;
				INFOPLIST_KEY_UISupportedInterfaceOrientations_iPad = "UIInterfaceOrientationPortrait UIInterfaceOrientationPortraitUpsideDown UIInterfaceOrientationLandscapeLeft UIInterfaceOrientationLandscapeRight";
				INFOPLIST_KEY_UISupportedInterfaceOrientations_iPhone = "UIInterfaceOrientationPortrait UIInterfaceOrientationLandscapeLeft UIInterfaceOrientationLandscapeRight";
				LD_RUNPATH_SEARCH_PATHS = (
					"$(inherited)",
					"@executable_path/Frameworks",
				);
				MARKETING_VERSION = 1.0;
				PRODUCT_BUNDLE_IDENTIFIER = com.example.RecipeApp;
				PRODUCT_NAME = "$(TARGET_NAME)";
				SWIFT_EMIT_LOC_STRINGS = YES;
				SWIFT_VERSION = 5.0;
				TARGETED_DEVICE_FAMILY = "1,2";
			};
			name = Release;
		};
/* End XCBuildConfiguration section */

/* Begin XCConfigurationList section */
		D61B8C9E29DD5754003597F2 /* Build configuration list for PBXNativeTarget "RecipeAppTests" */ = {
			isa = XCConfigurationList;
			buildConfigurations = (
				D61B8C9F29DD5754003597F2 /* Debug */,
				D61B8CA029DD5754003597F2 /* Release */,
			);
			defaultConfigurationIsVisible = 0;
			defaultConfigurationName = Release;
		};
		D664534B29D17742002607EA /* Build configuration list for PBXProject "RecipeApp" */ = {
			isa = XCConfigurationList;
			buildConfigurations = (
				D664536229D17743002607EA /* Debug */,
				D664536329D17743002607EA /* Release */,
			);
			defaultConfigurationIsVisible = 0;
			defaultConfigurationName = Release;
		};
		D664536429D17743002607EA /* Build configuration list for PBXNativeTarget "RecipeApp" */ = {
			isa = XCConfigurationList;
			buildConfigurations = (
				D664536529D17743002607EA /* Debug */,
				D664536629D17743002607EA /* Release */,
			);
			defaultConfigurationIsVisible = 0;
			defaultConfigurationName = Release;
		};
/* End XCConfigurationList section */
	};
	rootObject = D664534829D17742002607EA /* Project object */;
}
